
Microsoft Visual Studio Solution File, Format Version 12.00
# Visual Studio Version 16
VisualStudioVersion = 16.0.30413.136
MinimumVisualStudioVersion = 10.0.40219.1
Project("{9A19103F-16F7-4668-BE54-9A1E7A4F7556}") = "KNU.IT.DbManagementSystem", "Portal\KNU.IT.DbManagementSystem\KNU.IT.DbManagementSystem.csproj", "{18A22955-411D-47AB-A9B9-6FDE7C96D30D}"
EndProject
Project("{9A19103F-16F7-4668-BE54-9A1E7A4F7556}") = "KNU.IT.DbManager", "Shared\KNU.IT.DbManager\KNU.IT.DbManager.csproj", "{EA0B3AC0-E34A-4909-8A1C-6E5134D80063}"
EndProject
Project("{FAE04EC0-301F-11D3-BF4B-00C04F79EFBC}") = "KNU.IT.DbManagementSystemTests", "KNU.IT.DbManagementSystemTests\KNU.IT.DbManagementSystemTests.csproj", "{238EF14A-BC0D-484B-A955-5580F1928A84}"
EndProject
Global
	GlobalSection(SolutionConfigurationPlatforms) = preSolution
		Debug|Any CPU = Debug|Any CPU
		Release|Any CPU = Release|Any CPU
	EndGlobalSection
	GlobalSection(ProjectConfigurationPlatforms) = postSolution
		{18A22955-411D-47AB-A9B9-6FDE7C96D30D}.Debug|Any CPU.ActiveCfg = Debug|Any CPU
		{18A22955-411D-47AB-A9B9-6FDE7C96D30D}.Debug|Any CPU.Build.0 = Debug|Any CPU
		{18A22955-411D-47AB-A9B9-6FDE7C96D30D}.Release|Any CPU.ActiveCfg = Release|Any CPU
		{18A22955-411D-47AB-A9B9-6FDE7C96D30D}.Release|Any CPU.Build.0 = Release|Any CPU
		{EA0B3AC0-E34A-4909-8A1C-6E5134D80063}.Debug|Any CPU.ActiveCfg = Debug|Any CPU
		{EA0B3AC0-E34A-4909-8A1C-6E5134D80063}.Debug|Any CPU.Build.0 = Debug|Any CPU
		{EA0B3AC0-E34A-4909-8A1C-6E5134D80063}.Release|Any CPU.ActiveCfg = Release|Any CPU
		{EA0B3AC0-E34A-4909-8A1C-6E5134D80063}.Release|Any CPU.Build.0 = Release|Any CPU
		{238EF14A-BC0D-484B-A955-5580F1928A84}.Debug|Any CPU.ActiveCfg = Debug|Any CPU
		{238EF14A-BC0D-484B-A955-5580F1928A84}.Debug|Any CPU.Build.0 = Debug|Any CPU
		{238EF14A-BC0D-484B-A955-5580F1928A84}.Release|Any CPU.ActiveCfg = Release|Any CPU
		{238EF14A-BC0D-484B-A955-5580F1928A84}.Release|Any CPU.Build.0 = Release|Any CPU
	EndGlobalSection
	GlobalSection(SolutionProperties) = preSolution
		HideSolutionNode = FALSE
	EndGlobalSection
	GlobalSection(ExtensibilityGlobals) = postSolution
		SolutionGuid = {263F407D-B636-4090-9F57-A8E070697D9E}
	EndGlobalSection
EndGlobal
