
Microsoft Visual Studio Solution File, Format Version 12.00
# Visual Studio Version 16
VisualStudioVersion = 16.0.30413.136
MinimumVisualStudioVersion = 10.0.40219.1
Project("{9A19103F-16F7-4668-BE54-9A1E7A4F7556}") = "KNU.IT.DbManager", "Shared\KNU.IT.DbManager\KNU.IT.DbManager.csproj", "{EA0B3AC0-E34A-4909-8A1C-6E5134D80063}"
EndProject
Project("{9A19103F-16F7-4668-BE54-9A1E7A4F7556}") = "KNU.IT.DBMSWebApi", "API\KNU.IT.DBMSWebApi\KNU.IT.DBMSWebApi.csproj", "{1913DD60-0B8C-4903-91A2-116B46338036}"
EndProject
Project("{9A19103F-16F7-4668-BE54-9A1E7A4F7556}") = "KNU.IT.DbServices", "Shared\KNU.IT.DbServices\KNU.IT.DbServices.csproj", "{AD0DE5A0-86D8-43DF-9D11-37A2B65E77D8}"
EndProject
Project("{9A19103F-16F7-4668-BE54-9A1E7A4F7556}") = "KNU.IT.DBMSTests", "Tests\KNU.IT.DbManagementSystemTests\KNU.IT.DBMSTests.csproj", "{6E94E02C-DA92-4289-92CD-B72EDFAA9B23}"
EndProject
Global
	GlobalSection(SolutionConfigurationPlatforms) = preSolution
		Debug|Any CPU = Debug|Any CPU
		Release|Any CPU = Release|Any CPU
	EndGlobalSection
	GlobalSection(ProjectConfigurationPlatforms) = postSolution
		{EA0B3AC0-E34A-4909-8A1C-6E5134D80063}.Debug|Any CPU.ActiveCfg = Debug|Any CPU
		{EA0B3AC0-E34A-4909-8A1C-6E5134D80063}.Debug|Any CPU.Build.0 = Debug|Any CPU
		{EA0B3AC0-E34A-4909-8A1C-6E5134D80063}.Release|Any CPU.ActiveCfg = Release|Any CPU
		{EA0B3AC0-E34A-4909-8A1C-6E5134D80063}.Release|Any CPU.Build.0 = Release|Any CPU
		{1913DD60-0B8C-4903-91A2-116B46338036}.Debug|Any CPU.ActiveCfg = Debug|Any CPU
		{1913DD60-0B8C-4903-91A2-116B46338036}.Debug|Any CPU.Build.0 = Debug|Any CPU
		{1913DD60-0B8C-4903-91A2-116B46338036}.Release|Any CPU.ActiveCfg = Release|Any CPU
		{1913DD60-0B8C-4903-91A2-116B46338036}.Release|Any CPU.Build.0 = Release|Any CPU
		{AD0DE5A0-86D8-43DF-9D11-37A2B65E77D8}.Debug|Any CPU.ActiveCfg = Debug|Any CPU
		{AD0DE5A0-86D8-43DF-9D11-37A2B65E77D8}.Debug|Any CPU.Build.0 = Debug|Any CPU
		{AD0DE5A0-86D8-43DF-9D11-37A2B65E77D8}.Release|Any CPU.ActiveCfg = Release|Any CPU
		{AD0DE5A0-86D8-43DF-9D11-37A2B65E77D8}.Release|Any CPU.Build.0 = Release|Any CPU
		{6E94E02C-DA92-4289-92CD-B72EDFAA9B23}.Debug|Any CPU.ActiveCfg = Debug|Any CPU
		{6E94E02C-DA92-4289-92CD-B72EDFAA9B23}.Debug|Any CPU.Build.0 = Debug|Any CPU
		{6E94E02C-DA92-4289-92CD-B72EDFAA9B23}.Release|Any CPU.ActiveCfg = Release|Any CPU
		{6E94E02C-DA92-4289-92CD-B72EDFAA9B23}.Release|Any CPU.Build.0 = Release|Any CPU
	EndGlobalSection
	GlobalSection(SolutionProperties) = preSolution
		HideSolutionNode = FALSE
	EndGlobalSection
	GlobalSection(ExtensibilityGlobals) = postSolution
		SolutionGuid = {263F407D-B636-4090-9F57-A8E070697D9E}
	EndGlobalSection
EndGlobal
